
Microsoft Visual Studio Solution File, Format Version 12.00
Project("{FAE04EC0-301F-11D3-BF4B-00C04F79EFBC}") = "CarRentalSystem.Domain", "CarRentalSystem.Domain\CarRentalSystem.Domain.csproj", "{DF96ECCB-CB3F-4D73-8ECC-1576E52ECCAE}"
EndProject
Project("{FAE04EC0-301F-11D3-BF4B-00C04F79EFBC}") = "CarRentalSystem.StartUp", "CarRentalSystem.StartUp\CarRentalSystem.StartUp.csproj", "{CA1F05BB-BC1A-44C7-AD6A-708FDC34ECC4}"
EndProject
Project("{FAE04EC0-301F-11D3-BF4B-00C04F79EFBC}") = "CarRentalSystem.Web", "CarRentalSystem.Web\CarRentalSystem.Web.csproj", "{90BDB93D-618E-4CFF-A59B-1884CBD1028E}"
EndProject
Project("{FAE04EC0-301F-11D3-BF4B-00C04F79EFBC}") = "CarRentalSystem.Infrastructure", "CarRentalSystem.Infrastructure\CarRentalSystem.Infrastructure.csproj", "{ACBC8394-F3E9-47F5-BD58-06E593D6DA2B}"
EndProject
Project("{FAE04EC0-301F-11D3-BF4B-00C04F79EFBC}") = "CarRentalSystem.Application", "CarRentalSystem.Application\CarRentalSystem.Application.csproj", "{0098C0EB-09E3-4527-81CB-104310BE2090}"
EndProject
Global
	GlobalSection(SolutionConfigurationPlatforms) = preSolution
		Debug|Any CPU = Debug|Any CPU
		Release|Any CPU = Release|Any CPU
	EndGlobalSection
	GlobalSection(ProjectConfigurationPlatforms) = postSolution
		{DF96ECCB-CB3F-4D73-8ECC-1576E52ECCAE}.Debug|Any CPU.ActiveCfg = Debug|Any CPU
		{DF96ECCB-CB3F-4D73-8ECC-1576E52ECCAE}.Debug|Any CPU.Build.0 = Debug|Any CPU
		{DF96ECCB-CB3F-4D73-8ECC-1576E52ECCAE}.Release|Any CPU.ActiveCfg = Release|Any CPU
		{DF96ECCB-CB3F-4D73-8ECC-1576E52ECCAE}.Release|Any CPU.Build.0 = Release|Any CPU
		{CA1F05BB-BC1A-44C7-AD6A-708FDC34ECC4}.Debug|Any CPU.ActiveCfg = Debug|Any CPU
		{CA1F05BB-BC1A-44C7-AD6A-708FDC34ECC4}.Debug|Any CPU.Build.0 = Debug|Any CPU
		{CA1F05BB-BC1A-44C7-AD6A-708FDC34ECC4}.Release|Any CPU.ActiveCfg = Release|Any CPU
		{CA1F05BB-BC1A-44C7-AD6A-708FDC34ECC4}.Release|Any CPU.Build.0 = Release|Any CPU
		{90BDB93D-618E-4CFF-A59B-1884CBD1028E}.Debug|Any CPU.ActiveCfg = Debug|Any CPU
		{90BDB93D-618E-4CFF-A59B-1884CBD1028E}.Debug|Any CPU.Build.0 = Debug|Any CPU
		{90BDB93D-618E-4CFF-A59B-1884CBD1028E}.Release|Any CPU.ActiveCfg = Release|Any CPU
		{90BDB93D-618E-4CFF-A59B-1884CBD1028E}.Release|Any CPU.Build.0 = Release|Any CPU
		{ACBC8394-F3E9-47F5-BD58-06E593D6DA2B}.Debug|Any CPU.ActiveCfg = Debug|Any CPU
		{ACBC8394-F3E9-47F5-BD58-06E593D6DA2B}.Debug|Any CPU.Build.0 = Debug|Any CPU
		{ACBC8394-F3E9-47F5-BD58-06E593D6DA2B}.Release|Any CPU.ActiveCfg = Release|Any CPU
		{ACBC8394-F3E9-47F5-BD58-06E593D6DA2B}.Release|Any CPU.Build.0 = Release|Any CPU
		{0098C0EB-09E3-4527-81CB-104310BE2090}.Debug|Any CPU.ActiveCfg = Debug|Any CPU
		{0098C0EB-09E3-4527-81CB-104310BE2090}.Debug|Any CPU.Build.0 = Debug|Any CPU
		{0098C0EB-09E3-4527-81CB-104310BE2090}.Release|Any CPU.ActiveCfg = Release|Any CPU
		{0098C0EB-09E3-4527-81CB-104310BE2090}.Release|Any CPU.Build.0 = Release|Any CPU
	EndGlobalSection
EndGlobal
